
Microsoft Visual Studio Solution File, Format Version 12.00
# Visual Studio Version 16
VisualStudioVersion = 16.0.31313.79
MinimumVisualStudioVersion = 10.0.40219.1
Project("{9A19103F-16F7-4668-BE54-9A1E7A4F7556}") = "CompetitionAPI", "CompetitionAPI.csproj", "{12E1287E-F3DE-412D-A5C1-BC161C777D7D}"
EndProject
Project("{2150E333-8FDC-42A3-9474-1A3956D46DE8}") = "src", "src", "{216B1FB3-5A71-4C1E-A8D7-8F2164B3362F}"
EndProject
Project("{2150E333-8FDC-42A3-9474-1A3956D46DE8}") = "WebApi", "WebApi", "{9CACAD2C-3E58-4945-BCEB-C142EE00D1DE}"
EndProject
Project("{2150E333-8FDC-42A3-9474-1A3956D46DE8}") = "BusinessLogic", "BusinessLogic", "{82D3937D-CD18-4E8F-BF1D-9ABB2F77EEFF}"
EndProject
Project("{2150E333-8FDC-42A3-9474-1A3956D46DE8}") = "Models", "Models", "{073A42C6-9E14-4D62-991C-97C1E906BC5F}"
EndProject
Project("{2150E333-8FDC-42A3-9474-1A3956D46DE8}") = "Services", "Services", "{2CE02F30-34D8-4B49-8DDB-9860BE8455A4}"
EndProject
Project("{2150E333-8FDC-42A3-9474-1A3956D46DE8}") = "Resources", "Resources", "{1CBB87B0-5FBB-4747-823D-187131423097}"
EndProject
Project("{FAE04EC0-301F-11D3-BF4B-00C04F79EFBC}") = "Competition.BusinessLogic", "Competition.BusinessLogic\Competition.BusinessLogic.csproj", "{1180DC0A-C0E6-451E-B135-185D65547150}"
EndProject
Project("{FAE04EC0-301F-11D3-BF4B-00C04F79EFBC}") = "Competition.BusinessLogic.Interfaces", "Competition.BusinessLogic.Interfaces\Competition.BusinessLogic.Interfaces.csproj", "{A195EFBA-96F6-4FC1-B3FE-11221260D404}"
EndProject
Project("{FAE04EC0-301F-11D3-BF4B-00C04F79EFBC}") = "Competition.Services", "Competition.Services\Competition.Services.csproj", "{5847CEA0-EE57-49F1-8B8C-2BD4892A153F}"
EndProject
Project("{FAE04EC0-301F-11D3-BF4B-00C04F79EFBC}") = "Competition.Services.Interfaces", "Competition.Services.Interfaces\Competition.Services.Interfaces.csproj", "{6A1B5085-6C1E-4B64-AA44-2C1C58A5B66E}"
EndProject
Project("{FAE04EC0-301F-11D3-BF4B-00C04F79EFBC}") = "Competition.Resources", "Competition.Resources\Competition.Resources.csproj", "{A2A8D73E-A48D-4C29-A436-61060928DE6A}"
EndProject
Project("{FAE04EC0-301F-11D3-BF4B-00C04F79EFBC}") = "Competition.BusinessModel", "Competition.BusinessModel\Competition.BusinessModel.csproj", "{55B9A8ED-439A-4F8A-BD52-19A0F832FD3E}"
EndProject
Project("{FAE04EC0-301F-11D3-BF4B-00C04F79EFBC}") = "Competition.DataModel", "Competition.DataModel\Competition.DataModel.csproj", "{EA8420B2-E730-417A-A94B-7DF0F055EC75}"
EndProject
Project("{FAE04EC0-301F-11D3-BF4B-00C04F79EFBC}") = "Competition.Mapper", "Competition.Mapper\Competition.Mapper.csproj", "{55BB4722-BC10-4763-B1BB-225E6D3FF26D}"
EndProject
Project("{FAE04EC0-301F-11D3-BF4B-00C04F79EFBC}") = "Competition.DependecyInjection", "Competition.DependecyInjection\Competition.DependecyInjection.csproj", "{B4D37297-3CCD-4461-AD67-9D6FA680C7AE}"
EndProject
Global
	GlobalSection(SolutionConfigurationPlatforms) = preSolution
		Debug|Any CPU = Debug|Any CPU
		Release|Any CPU = Release|Any CPU
	EndGlobalSection
	GlobalSection(ProjectConfigurationPlatforms) = postSolution
		{12E1287E-F3DE-412D-A5C1-BC161C777D7D}.Debug|Any CPU.ActiveCfg = Debug|Any CPU
		{12E1287E-F3DE-412D-A5C1-BC161C777D7D}.Debug|Any CPU.Build.0 = Debug|Any CPU
		{12E1287E-F3DE-412D-A5C1-BC161C777D7D}.Release|Any CPU.ActiveCfg = Release|Any CPU
		{12E1287E-F3DE-412D-A5C1-BC161C777D7D}.Release|Any CPU.Build.0 = Release|Any CPU
		{1180DC0A-C0E6-451E-B135-185D65547150}.Debug|Any CPU.ActiveCfg = Debug|Any CPU
		{1180DC0A-C0E6-451E-B135-185D65547150}.Debug|Any CPU.Build.0 = Debug|Any CPU
		{1180DC0A-C0E6-451E-B135-185D65547150}.Release|Any CPU.ActiveCfg = Release|Any CPU
		{1180DC0A-C0E6-451E-B135-185D65547150}.Release|Any CPU.Build.0 = Release|Any CPU
		{A195EFBA-96F6-4FC1-B3FE-11221260D404}.Debug|Any CPU.ActiveCfg = Debug|Any CPU
		{A195EFBA-96F6-4FC1-B3FE-11221260D404}.Debug|Any CPU.Build.0 = Debug|Any CPU
		{A195EFBA-96F6-4FC1-B3FE-11221260D404}.Release|Any CPU.ActiveCfg = Release|Any CPU
		{A195EFBA-96F6-4FC1-B3FE-11221260D404}.Release|Any CPU.Build.0 = Release|Any CPU
		{5847CEA0-EE57-49F1-8B8C-2BD4892A153F}.Debug|Any CPU.ActiveCfg = Debug|Any CPU
		{5847CEA0-EE57-49F1-8B8C-2BD4892A153F}.Debug|Any CPU.Build.0 = Debug|Any CPU
		{5847CEA0-EE57-49F1-8B8C-2BD4892A153F}.Release|Any CPU.ActiveCfg = Release|Any CPU
		{5847CEA0-EE57-49F1-8B8C-2BD4892A153F}.Release|Any CPU.Build.0 = Release|Any CPU
		{6A1B5085-6C1E-4B64-AA44-2C1C58A5B66E}.Debug|Any CPU.ActiveCfg = Debug|Any CPU
		{6A1B5085-6C1E-4B64-AA44-2C1C58A5B66E}.Debug|Any CPU.Build.0 = Debug|Any CPU
		{6A1B5085-6C1E-4B64-AA44-2C1C58A5B66E}.Release|Any CPU.ActiveCfg = Release|Any CPU
		{6A1B5085-6C1E-4B64-AA44-2C1C58A5B66E}.Release|Any CPU.Build.0 = Release|Any CPU
		{A2A8D73E-A48D-4C29-A436-61060928DE6A}.Debug|Any CPU.ActiveCfg = Debug|Any CPU
		{A2A8D73E-A48D-4C29-A436-61060928DE6A}.Debug|Any CPU.Build.0 = Debug|Any CPU
		{A2A8D73E-A48D-4C29-A436-61060928DE6A}.Release|Any CPU.ActiveCfg = Release|Any CPU
		{A2A8D73E-A48D-4C29-A436-61060928DE6A}.Release|Any CPU.Build.0 = Release|Any CPU
		{55B9A8ED-439A-4F8A-BD52-19A0F832FD3E}.Debug|Any CPU.ActiveCfg = Debug|Any CPU
		{55B9A8ED-439A-4F8A-BD52-19A0F832FD3E}.Debug|Any CPU.Build.0 = Debug|Any CPU
		{55B9A8ED-439A-4F8A-BD52-19A0F832FD3E}.Release|Any CPU.ActiveCfg = Release|Any CPU
		{55B9A8ED-439A-4F8A-BD52-19A0F832FD3E}.Release|Any CPU.Build.0 = Release|Any CPU
		{EA8420B2-E730-417A-A94B-7DF0F055EC75}.Debug|Any CPU.ActiveCfg = Debug|Any CPU
		{EA8420B2-E730-417A-A94B-7DF0F055EC75}.Debug|Any CPU.Build.0 = Debug|Any CPU
		{EA8420B2-E730-417A-A94B-7DF0F055EC75}.Release|Any CPU.ActiveCfg = Release|Any CPU
		{EA8420B2-E730-417A-A94B-7DF0F055EC75}.Release|Any CPU.Build.0 = Release|Any CPU
		{55BB4722-BC10-4763-B1BB-225E6D3FF26D}.Debug|Any CPU.ActiveCfg = Debug|Any CPU
		{55BB4722-BC10-4763-B1BB-225E6D3FF26D}.Debug|Any CPU.Build.0 = Debug|Any CPU
		{55BB4722-BC10-4763-B1BB-225E6D3FF26D}.Release|Any CPU.ActiveCfg = Release|Any CPU
		{55BB4722-BC10-4763-B1BB-225E6D3FF26D}.Release|Any CPU.Build.0 = Release|Any CPU
		{B4D37297-3CCD-4461-AD67-9D6FA680C7AE}.Debug|Any CPU.ActiveCfg = Debug|Any CPU
		{B4D37297-3CCD-4461-AD67-9D6FA680C7AE}.Debug|Any CPU.Build.0 = Debug|Any CPU
		{B4D37297-3CCD-4461-AD67-9D6FA680C7AE}.Release|Any CPU.ActiveCfg = Release|Any CPU
		{B4D37297-3CCD-4461-AD67-9D6FA680C7AE}.Release|Any CPU.Build.0 = Release|Any CPU
	EndGlobalSection
	GlobalSection(SolutionProperties) = preSolution
		HideSolutionNode = FALSE
	EndGlobalSection
	GlobalSection(NestedProjects) = preSolution
		{12E1287E-F3DE-412D-A5C1-BC161C777D7D} = {9CACAD2C-3E58-4945-BCEB-C142EE00D1DE}
		{9CACAD2C-3E58-4945-BCEB-C142EE00D1DE} = {216B1FB3-5A71-4C1E-A8D7-8F2164B3362F}
		{82D3937D-CD18-4E8F-BF1D-9ABB2F77EEFF} = {216B1FB3-5A71-4C1E-A8D7-8F2164B3362F}
		{073A42C6-9E14-4D62-991C-97C1E906BC5F} = {216B1FB3-5A71-4C1E-A8D7-8F2164B3362F}
		{2CE02F30-34D8-4B49-8DDB-9860BE8455A4} = {216B1FB3-5A71-4C1E-A8D7-8F2164B3362F}
		{1CBB87B0-5FBB-4747-823D-187131423097} = {216B1FB3-5A71-4C1E-A8D7-8F2164B3362F}
		{1180DC0A-C0E6-451E-B135-185D65547150} = {82D3937D-CD18-4E8F-BF1D-9ABB2F77EEFF}
		{A195EFBA-96F6-4FC1-B3FE-11221260D404} = {82D3937D-CD18-4E8F-BF1D-9ABB2F77EEFF}
		{5847CEA0-EE57-49F1-8B8C-2BD4892A153F} = {2CE02F30-34D8-4B49-8DDB-9860BE8455A4}
		{6A1B5085-6C1E-4B64-AA44-2C1C58A5B66E} = {2CE02F30-34D8-4B49-8DDB-9860BE8455A4}
		{A2A8D73E-A48D-4C29-A436-61060928DE6A} = {1CBB87B0-5FBB-4747-823D-187131423097}
		{55B9A8ED-439A-4F8A-BD52-19A0F832FD3E} = {073A42C6-9E14-4D62-991C-97C1E906BC5F}
		{EA8420B2-E730-417A-A94B-7DF0F055EC75} = {073A42C6-9E14-4D62-991C-97C1E906BC5F}
		{55BB4722-BC10-4763-B1BB-225E6D3FF26D} = {073A42C6-9E14-4D62-991C-97C1E906BC5F}
		{B4D37297-3CCD-4461-AD67-9D6FA680C7AE} = {216B1FB3-5A71-4C1E-A8D7-8F2164B3362F}
	EndGlobalSection
	GlobalSection(ExtensibilityGlobals) = postSolution
		SolutionGuid = {64E56E3B-9BBA-4DD3-9C1D-9BE21458F747}
	EndGlobalSection
EndGlobal
